
Microsoft Visual Studio Solution File, Format Version 12.00
# Visual Studio Version 17
VisualStudioVersion = 17.4.33213.308
MinimumVisualStudioVersion = 10.0.40219.1
Project("{9A19103F-16F7-4668-BE54-9A1E7A4F7556}") = "PL", "PL\PL.csproj", "{6AED06E9-D563-43B8-9BAA-D3DEC2BC954A}"
EndProject
Project("{9A19103F-16F7-4668-BE54-9A1E7A4F7556}") = "ML", "ML\ML.csproj", "{023AE3D1-45F0-48DE-ADD5-2B222C61B16A}"
EndProject
Project("{9A19103F-16F7-4668-BE54-9A1E7A4F7556}") = "DL", "DL\DL.csproj", "{AA8C3C17-E73D-4085-B232-880338209B7E}"
EndProject
Project("{9A19103F-16F7-4668-BE54-9A1E7A4F7556}") = "BL", "BL\BL.csproj", "{7C4A9BC6-BF5B-4C6E-B3AF-062C4772E8C9}"
EndProject
Project("{FAE04EC0-301F-11D3-BF4B-00C04F79EFBC}") = "SL", "SL\SL.csproj", "{94BC1D89-F26C-48D2-943E-59568AA8A12C}"
EndProject
Global
	GlobalSection(SolutionConfigurationPlatforms) = preSolution
		Debug|Any CPU = Debug|Any CPU
		Release|Any CPU = Release|Any CPU
	EndGlobalSection
	GlobalSection(ProjectConfigurationPlatforms) = postSolution
		{6AED06E9-D563-43B8-9BAA-D3DEC2BC954A}.Debug|Any CPU.ActiveCfg = Debug|Any CPU
		{6AED06E9-D563-43B8-9BAA-D3DEC2BC954A}.Debug|Any CPU.Build.0 = Debug|Any CPU
		{6AED06E9-D563-43B8-9BAA-D3DEC2BC954A}.Release|Any CPU.ActiveCfg = Release|Any CPU
		{6AED06E9-D563-43B8-9BAA-D3DEC2BC954A}.Release|Any CPU.Build.0 = Release|Any CPU
		{023AE3D1-45F0-48DE-ADD5-2B222C61B16A}.Debug|Any CPU.ActiveCfg = Debug|Any CPU
		{023AE3D1-45F0-48DE-ADD5-2B222C61B16A}.Debug|Any CPU.Build.0 = Debug|Any CPU
		{023AE3D1-45F0-48DE-ADD5-2B222C61B16A}.Release|Any CPU.ActiveCfg = Release|Any CPU
		{023AE3D1-45F0-48DE-ADD5-2B222C61B16A}.Release|Any CPU.Build.0 = Release|Any CPU
		{AA8C3C17-E73D-4085-B232-880338209B7E}.Debug|Any CPU.ActiveCfg = Debug|Any CPU
		{AA8C3C17-E73D-4085-B232-880338209B7E}.Debug|Any CPU.Build.0 = Debug|Any CPU
		{AA8C3C17-E73D-4085-B232-880338209B7E}.Release|Any CPU.ActiveCfg = Release|Any CPU
		{AA8C3C17-E73D-4085-B232-880338209B7E}.Release|Any CPU.Build.0 = Release|Any CPU
		{7C4A9BC6-BF5B-4C6E-B3AF-062C4772E8C9}.Debug|Any CPU.ActiveCfg = Debug|Any CPU
		{7C4A9BC6-BF5B-4C6E-B3AF-062C4772E8C9}.Debug|Any CPU.Build.0 = Debug|Any CPU
		{7C4A9BC6-BF5B-4C6E-B3AF-062C4772E8C9}.Release|Any CPU.ActiveCfg = Release|Any CPU
		{7C4A9BC6-BF5B-4C6E-B3AF-062C4772E8C9}.Release|Any CPU.Build.0 = Release|Any CPU
		{94BC1D89-F26C-48D2-943E-59568AA8A12C}.Debug|Any CPU.ActiveCfg = Debug|Any CPU
		{94BC1D89-F26C-48D2-943E-59568AA8A12C}.Debug|Any CPU.Build.0 = Debug|Any CPU
		{94BC1D89-F26C-48D2-943E-59568AA8A12C}.Release|Any CPU.ActiveCfg = Release|Any CPU
		{94BC1D89-F26C-48D2-943E-59568AA8A12C}.Release|Any CPU.Build.0 = Release|Any CPU
	EndGlobalSection
	GlobalSection(SolutionProperties) = preSolution
		HideSolutionNode = FALSE
	EndGlobalSection
	GlobalSection(ExtensibilityGlobals) = postSolution
		SolutionGuid = {CC12DC36-F1BE-4CB0-82A6-8EC59B07BACE}
	EndGlobalSection
EndGlobal
